
Microsoft Visual Studio Solution File, Format Version 12.00
# Visual Studio 15
VisualStudioVersion = 15.0.28307.271
MinimumVisualStudioVersion = 10.0.40219.1
Project("{888888A0-9F3D-457C-B088-3A5042F75D52}") = "respredelenie", "respredelenie\respredelenie.pyproj", "{56EF2068-13A6-4362-ACE9-718C0F91C5B3}"
EndProject
Global
	GlobalSection(SolutionConfigurationPlatforms) = preSolution
		Debug|Any CPU = Debug|Any CPU
		Release|Any CPU = Release|Any CPU
	EndGlobalSection
	GlobalSection(ProjectConfigurationPlatforms) = postSolution
		{56EF2068-13A6-4362-ACE9-718C0F91C5B3}.Debug|Any CPU.ActiveCfg = Debug|Any CPU
		{56EF2068-13A6-4362-ACE9-718C0F91C5B3}.Release|Any CPU.ActiveCfg = Release|Any CPU
	EndGlobalSection
	GlobalSection(SolutionProperties) = preSolution
		HideSolutionNode = FALSE
	EndGlobalSection
	GlobalSection(ExtensibilityGlobals) = postSolution
		SolutionGuid = {E69C0460-FEBE-4C8E-8F71-109981F87D6D}
	EndGlobalSection
EndGlobal
